
Microsoft Visual Studio Solution File, Format Version 12.00
Project("{FAE04EC0-301F-11D3-BF4B-00C04F79EFBC}") = "Zafaran.Charity", "Zafaran.Charity\Zafaran.Charity.csproj", "{17AED40F-9336-452F-B78D-525B03526C6D}"
EndProject
Global
	GlobalSection(SolutionConfigurationPlatforms) = preSolution
		Debug|Any CPU = Debug|Any CPU
		Release|Any CPU = Release|Any CPU
	EndGlobalSection
	GlobalSection(ProjectConfigurationPlatforms) = postSolution
		{17AED40F-9336-452F-B78D-525B03526C6D}.Debug|Any CPU.ActiveCfg = Debug|Any CPU
		{17AED40F-9336-452F-B78D-525B03526C6D}.Debug|Any CPU.Build.0 = Debug|Any CPU
		{17AED40F-9336-452F-B78D-525B03526C6D}.Release|Any CPU.ActiveCfg = Release|Any CPU
		{17AED40F-9336-452F-B78D-525B03526C6D}.Release|Any CPU.Build.0 = Release|Any CPU
	EndGlobalSection
EndGlobal
